<?xml version="1.0" encoding="utf-8"?>
<Project ToolsVersion="4.0" xmlns="http://schemas.microsoft.com/developer/msbuild/2003">
  <ItemGroup>
    <Filter Include="Source Files">
      <UniqueIdentifier>{000563af-0d6d-4f54-b183-b2e768ffbe07}</UniqueIdentifier>
      <Extensions>cpp;c;cxx;rc;def;r;odl;hpj;bat;for;f90</Extensions>
    </Filter>
    <Filter Include="Header Files">
      <UniqueIdentifier>{5df52754-bb9b-4902-a5ec-9e365643d777}</UniqueIdentifier>
      <Extensions>h;hpp;hxx;hm;inl;fi;fd</Extensions>
    </Filter>
    <Filter Include="Resource Files">
      <UniqueIdentifier>{7666256d-d71a-4d0e-9717-ebc669781716}</UniqueIdentifier>
      <Extensions>ico;cur;bmp;dlg;rc2;rct;bin;cnt;rtf;gif;jpg;jpeg;jpe</Extensions>
    </Filter>
  </ItemGroup>
  <ItemGroup>
    <ClCompile Include="Ai.cpp">
      <Filter>Source Files</Filter>
    </ClCompile>
    <ClCompile Include="Area.cpp">
      <Filter>Source Files</Filter>
    </ClCompile>
    <ClCompile Include="Bmbutton.cpp">
      <Filter>Source Files</Filter>
    </ClCompile>
    <ClCompile Include="bridge.cpp">
      <Filter>Source Files</Filter>
    </ClCompile>
    <ClCompile Include="Caicopy.cpp">
      <Filter>Source Files</Filter>
    </ClCompile>
    <ClCompile Include="Caidata.cpp">
      <Filter>Source Files</Filter>
    </ClCompile>
    <ClCompile Include="Caigmgr.cpp">
      <Filter>Source Files</Filter>
    </ClCompile>
    <ClCompile Include="Caigoal.cpp">
      <Filter>Source Files</Filter>
    </ClCompile>
    <ClCompile Include="Caihex.cpp">
      <Filter>Source Files</Filter>
    </ClCompile>
    <ClCompile Include="Caiinit.cpp">
      <Filter>Source Files</Filter>
    </ClCompile>
    <ClCompile Include="Caimap.cpp">
      <Filter>Source Files</Filter>
    </ClCompile>
    <ClCompile Include="Caimaput.cpp">
      <Filter>Source Files</Filter>
    </ClCompile>
    <ClCompile Include="Caimgr.cpp">
      <Filter>Source Files</Filter>
    </ClCompile>
    <ClCompile Include="Caimsg.cpp">
      <Filter>Source Files</Filter>
    </ClCompile>
    <ClCompile Include="Caiopfor.cpp">
      <Filter>Source Files</Filter>
    </ClCompile>
    <ClCompile Include="Cairoute.cpp">
      <Filter>Source Files</Filter>
    </ClCompile>
    <ClCompile Include="Caisavld.cpp">
      <Filter>Source Files</Filter>
    </ClCompile>
    <ClCompile Include="Caistart.cpp">
      <Filter>Source Files</Filter>
    </ClCompile>
    <ClCompile Include="Caitask.cpp">
      <Filter>Source Files</Filter>
    </ClCompile>
    <ClCompile Include="Caitmgr.cpp">
      <Filter>Source Files</Filter>
    </ClCompile>
    <ClCompile Include="Caiunit.cpp">
      <Filter>Source Files</Filter>
    </ClCompile>
    <ClCompile Include="CdLoc.cpp">
      <Filter>Source Files</Filter>
    </ClCompile>
    <ClCompile Include="Chat.cpp">
      <Filter>Source Files</Filter>
    </ClCompile>
    <ClCompile Include="Chatbar.cpp">
      <Filter>Source Files</Filter>
    </ClCompile>
    <ClCompile Include="Chproute.cpp">
      <Filter>Source Files</Filter>
    </ClCompile>
    <ClCompile Include="Cpathmap.cpp">
      <Filter>Source Files</Filter>
    </ClCompile>
    <ClCompile Include="Cpathmgr.cpp">
      <Filter>Source Files</Filter>
    </ClCompile>
    <ClCompile Include="Creatmul.cpp">
      <Filter>Source Files</Filter>
    </ClCompile>
    <ClCompile Include="Creatsin.cpp">
      <Filter>Source Files</Filter>
    </ClCompile>
    <ClCompile Include="credits.cpp">
      <Filter>Source Files</Filter>
    </ClCompile>
    <ClCompile Include="Cutscene.cpp">
      <Filter>Source Files</Filter>
    </ClCompile>
    <ClCompile Include="dlgflic.cpp">
      <Filter>Source Files</Filter>
    </ClCompile>
    <ClCompile Include="DlgMsg.cpp">
      <Filter>Source Files</Filter>
    </ClCompile>
    <ClCompile Include="DlgReg.cpp">
      <Filter>Source Files</Filter>
    </ClCompile>
    <ClCompile Include="DXFER.CPP">
      <Filter>Source Files</Filter>
    </ClCompile>
    <ClCompile Include="Event.cpp">
      <Filter>Source Files</Filter>
    </ClCompile>
    <ClCompile Include="Icons.cpp">
      <Filter>Source Files</Filter>
    </ClCompile>
    <ClCompile Include="Ipcchat.cpp">
      <Filter>Source Files</Filter>
    </ClCompile>
    <ClCompile Include="Ipccomm.cpp">
      <Filter>Source Files</Filter>
    </ClCompile>
    <ClCompile Include="Ipcmsg.cpp">
      <Filter>Source Files</Filter>
    </ClCompile>
    <ClCompile Include="Ipcplay.cpp">
      <Filter>Source Files</Filter>
    </ClCompile>
    <ClCompile Include="Ipcread.cpp">
      <Filter>Source Files</Filter>
    </ClCompile>
    <ClCompile Include="Ipcsend.cpp">
      <Filter>Source Files</Filter>
    </ClCompile>
    <ClCompile Include="Join.cpp">
      <Filter>Source Files</Filter>
    </ClCompile>
    <ClCompile Include="lastplnt.cpp">
      <Filter>Source Files</Filter>
    </ClCompile>
    <ClCompile Include="License.cpp">
      <Filter>Source Files</Filter>
    </ClCompile>
    <ClCompile Include="loadtruk.cpp">
      <Filter>Source Files</Filter>
    </ClCompile>
    <ClCompile Include="Main.cpp">
      <Filter>Source Files</Filter>
    </ClCompile>
    <ClCompile Include="Mainloop.cpp">
      <Filter>Source Files</Filter>
    </ClCompile>
    <ClCompile Include="Minerals.cpp">
      <Filter>Source Files</Filter>
    </ClCompile>
    <ClCompile Include="movie.cpp">
      <Filter>Source Files</Filter>
    </ClCompile>
    <ClCompile Include="Netapi.cpp">
      <Filter>Source Files</Filter>
    </ClCompile>
    <ClCompile Include="Netcmd.cpp">
      <Filter>Source Files</Filter>
    </ClCompile>
    <ClCompile Include="New_game.cpp">
      <Filter>Source Files</Filter>
    </ClCompile>
    <ClCompile Include="New_unit.cpp">
      <Filter>Source Files</Filter>
    </ClCompile>
    <ClCompile Include="Newworld.cpp">
      <Filter>Source Files</Filter>
    </ClCompile>
    <ClCompile Include="Options.cpp">
      <Filter>Source Files</Filter>
    </ClCompile>
    <ClCompile Include="Pickrace.cpp">
      <Filter>Source Files</Filter>
    </ClCompile>
    <ClCompile Include="Player.cpp">
      <Filter>Source Files</Filter>
    </ClCompile>
    <ClCompile Include="PlyrList.cpp">
      <Filter>Source Files</Filter>
    </ClCompile>
    <ClCompile Include="Projbase.cpp">
      <Filter>Source Files</Filter>
    </ClCompile>
    <ClCompile Include="Racedata.cpp">
      <Filter>Source Files</Filter>
    </ClCompile>
    <ClCompile Include="Relation.cpp">
      <Filter>Source Files</Filter>
    </ClCompile>
    <ClCompile Include="Research.cpp">
      <Filter>Source Files</Filter>
    </ClCompile>
    <ClCompile Include="Scenario.cpp">
      <Filter>Source Files</Filter>
    </ClCompile>
    <ClCompile Include="Sprite.cpp">
      <Filter>Source Files</Filter>
    </ClCompile>
    <ClCompile Include="Sprtinit.cpp">
      <Filter>Source Files</Filter>
    </ClCompile>
    <ClCompile Include="STDAFX.CPP">
      <Filter>Source Files</Filter>
    </ClCompile>
    <ClCompile Include="Terrain.cpp">
      <Filter>Source Files</Filter>
    </ClCompile>
    <ClCompile Include="Toolbar.cpp">
      <Filter>Source Files</Filter>
    </ClCompile>
    <ClCompile Include="tstsnds.cpp">
      <Filter>Source Files</Filter>
    </ClCompile>
    <ClCompile Include="Unit.cpp">
      <Filter>Source Files</Filter>
    </ClCompile>
    <ClCompile Include="Unit_wnd.cpp">
      <Filter>Source Files</Filter>
    </ClCompile>
    <ClCompile Include="vehicle.cpp">
      <Filter>Source Files</Filter>
    </ClCompile>
    <ClCompile Include="Vehmove.cpp">
      <Filter>Source Files</Filter>
    </ClCompile>
    <ClCompile Include="vehoppo.cpp">
      <Filter>Source Files</Filter>
    </ClCompile>
    <ClCompile Include="VPXFER.CPP">
      <Filter>Source Files</Filter>
    </ClCompile>
    <ClCompile Include="World.cpp">
      <Filter>Source Files</Filter>
    </ClCompile>
    <ClCompile Include="Wrldinit.cpp">
      <Filter>Source Files</Filter>
    </ClCompile>
  </ItemGroup>
  <ItemGroup>
    <ResourceCompile Include="Lastplnt.rc">
      <Filter>Source Files</Filter>
    </ResourceCompile>
    <ResourceCompile Include="RES\VERSION.RC">
      <Filter>Resource Files</Filter>
    </ResourceCompile>
  </ItemGroup>
  <ItemGroup>
    <ClInclude Include="ai.h">
      <Filter>Header Files</Filter>
    </ClInclude>
    <ClInclude Include="area.h">
      <Filter>Header Files</Filter>
    </ClInclude>
    <ClInclude Include="base.h">
      <Filter>Header Files</Filter>
    </ClInclude>
    <ClInclude Include="bitmaps.h">
      <Filter>Header Files</Filter>
    </ClInclude>
    <ClInclude Include="bmbutton.h">
      <Filter>Header Files</Filter>
    </ClInclude>
    <ClInclude Include="bridge.h">
      <Filter>Header Files</Filter>
    </ClInclude>
    <ClInclude Include="building.h">
      <Filter>Header Files</Filter>
    </ClInclude>
    <ClInclude Include="cai.h">
      <Filter>Header Files</Filter>
    </ClInclude>
    <ClInclude Include="caicopy.hpp">
      <Filter>Header Files</Filter>
    </ClInclude>
    <ClInclude Include="caidata.hpp">
      <Filter>Header Files</Filter>
    </ClInclude>
    <ClInclude Include="caigmgr.hpp">
      <Filter>Header Files</Filter>
    </ClInclude>
    <ClInclude Include="caigoal.hpp">
      <Filter>Header Files</Filter>
    </ClInclude>
    <ClInclude Include="caihex.hpp">
      <Filter>Header Files</Filter>
    </ClInclude>
    <ClInclude Include="caiinit.hpp">
      <Filter>Header Files</Filter>
    </ClInclude>
    <ClInclude Include="caimap.hpp">
      <Filter>Header Files</Filter>
    </ClInclude>
    <ClInclude Include="caimaput.hpp">
      <Filter>Header Files</Filter>
    </ClInclude>
    <ClInclude Include="caimgr.hpp">
      <Filter>Header Files</Filter>
    </ClInclude>
    <ClInclude Include="caimsg.hpp">
      <Filter>Header Files</Filter>
    </ClInclude>
    <ClInclude Include="caiopfor.hpp">
      <Filter>Header Files</Filter>
    </ClInclude>
    <ClInclude Include="cairoute.hpp">
      <Filter>Header Files</Filter>
    </ClInclude>
    <ClInclude Include="caisavld.hpp">
      <Filter>Header Files</Filter>
    </ClInclude>
    <ClInclude Include="caistart.hpp">
      <Filter>Header Files</Filter>
    </ClInclude>
    <ClInclude Include="caitargt.h">
      <Filter>Header Files</Filter>
    </ClInclude>
    <ClInclude Include="caitask.hpp">
      <Filter>Header Files</Filter>
    </ClInclude>
    <ClInclude Include="caitmgr.hpp">
      <Filter>Header Files</Filter>
    </ClInclude>
    <ClInclude Include="caiunit.hpp">
      <Filter>Header Files</Filter>
    </ClInclude>
    <ClInclude Include="CdLoc.h">
      <Filter>Header Files</Filter>
    </ClInclude>
    <ClInclude Include="chat.h">
      <Filter>Header Files</Filter>
    </ClInclude>
    <ClInclude Include="chatbar.h">
      <Filter>Header Files</Filter>
    </ClInclude>
    <ClInclude Include="chproute.hpp">
      <Filter>Header Files</Filter>
    </ClInclude>
    <ClInclude Include="cpathmap.h">
      <Filter>Header Files</Filter>
    </ClInclude>
    <ClInclude Include="cpathmgr.h">
      <Filter>Header Files</Filter>
    </ClInclude>
    <ClInclude Include="creatmul.h">
      <Filter>Header Files</Filter>
    </ClInclude>
    <ClInclude Include="creatsin.h">
      <Filter>Header Files</Filter>
    </ClInclude>
    <ClInclude Include="credits.h">
      <Filter>Header Files</Filter>
    </ClInclude>
    <ClInclude Include="cutscene.h">
      <Filter>Header Files</Filter>
    </ClInclude>
    <ClInclude Include="dlgflic.h">
      <Filter>Header Files</Filter>
    </ClInclude>
    <ClInclude Include="dlgmsg.h">
      <Filter>Header Files</Filter>
    </ClInclude>
    <ClInclude Include="DlgReg.h">
      <Filter>Header Files</Filter>
    </ClInclude>
    <ClInclude Include="Dxfer.h">
      <Filter>Header Files</Filter>
    </ClInclude>
    <ClInclude Include="error.h">
      <Filter>Header Files</Filter>
    </ClInclude>
    <ClInclude Include="event.h">
      <Filter>Header Files</Filter>
    </ClInclude>
    <ClInclude Include="help.h">
      <Filter>Header Files</Filter>
    </ClInclude>
    <ClInclude Include="icons.h">
      <Filter>Header Files</Filter>
    </ClInclude>
    <ClInclude Include="ipcchat.h">
      <Filter>Header Files</Filter>
    </ClInclude>
    <ClInclude Include="ipccomm.h">
      <Filter>Header Files</Filter>
    </ClInclude>
    <ClInclude Include="ipcmsg.hpp">
      <Filter>Header Files</Filter>
    </ClInclude>
    <ClInclude Include="ipcplay.h">
      <Filter>Header Files</Filter>
    </ClInclude>
    <ClInclude Include="ipcread.h">
      <Filter>Header Files</Filter>
    </ClInclude>
    <ClInclude Include="ipcsend.h">
      <Filter>Header Files</Filter>
    </ClInclude>
    <ClInclude Include="join.h">
      <Filter>Header Files</Filter>
    </ClInclude>
    <ClInclude Include="lastplnt.h">
      <Filter>Header Files</Filter>
    </ClInclude>
    <ClInclude Include="license.h">
      <Filter>Header Files</Filter>
    </ClInclude>
    <ClInclude Include="loadtruk.h">
      <Filter>Header Files</Filter>
    </ClInclude>
    <ClInclude Include="minerals.h">
      <Filter>Header Files</Filter>
    </ClInclude>
    <ClInclude Include="movie.h">
      <Filter>Header Files</Filter>
    </ClInclude>
    <ClInclude Include="msgs.h">
      <Filter>Header Files</Filter>
    </ClInclude>
    <ClInclude Include="netapi.h">
      <Filter>Header Files</Filter>
    </ClInclude>
    <ClInclude Include="netcmd.h">
      <Filter>Header Files</Filter>
    </ClInclude>
    <ClInclude Include="new_game.h">
      <Filter>Header Files</Filter>
    </ClInclude>
    <ClInclude Include="options.h">
      <Filter>Header Files</Filter>
    </ClInclude>
    <ClInclude Include="ourlog.h">
      <Filter>Header Files</Filter>
    </ClInclude>
    <ClInclude Include="pickrace.h">
      <Filter>Header Files</Filter>
    </ClInclude>
    <ClInclude Include="player.h">
      <Filter>Header Files</Filter>
    </ClInclude>
    <ClInclude Include="PlyrList.h">
      <Filter>Header Files</Filter>
    </ClInclude>
    <ClInclude Include="racedata.h">
      <Filter>Header Files</Filter>
    </ClInclude>
    <ClInclude Include="relation.h">
      <Filter>Header Files</Filter>
    </ClInclude>
    <ClInclude Include="research.h">
      <Filter>Header Files</Filter>
    </ClInclude>
    <ClInclude Include="scenario.h">
      <Filter>Header Files</Filter>
    </ClInclude>
    <ClInclude Include="sfx.h">
      <Filter>Header Files</Filter>
    </ClInclude>
    <ClInclude Include="sprite.h">
      <Filter>Header Files</Filter>
    </ClInclude>
    <ClInclude Include="stdafx.h">
      <Filter>Header Files</Filter>
    </ClInclude>
    <ClInclude Include="terrain.h">
      <Filter>Header Files</Filter>
    </ClInclude>
    <ClInclude Include="to_wndrd.h">
      <Filter>Header Files</Filter>
    </ClInclude>
    <ClInclude Include="toolbar.h">
      <Filter>Header Files</Filter>
    </ClInclude>
    <ClInclude Include="tstsnds.h">
      <Filter>Header Files</Filter>
    </ClInclude>
    <ClInclude Include="ui.h">
      <Filter>Header Files</Filter>
    </ClInclude>
    <ClInclude Include="unit.h">
      <Filter>Header Files</Filter>
    </ClInclude>
    <ClInclude Include="unit_wnd.h">
      <Filter>Header Files</Filter>
    </ClInclude>
    <ClInclude Include="us_eng.h">
      <Filter>Header Files</Filter>
    </ClInclude>
    <ClInclude Include="vdmplay.h">
      <Filter>Header Files</Filter>
    </ClInclude>
    <ClInclude Include="vehicle.h">
      <Filter>Header Files</Filter>
    </ClInclude>
    <ClInclude Include="version.h">
      <Filter>Header Files</Filter>
    </ClInclude>
    <ClInclude Include="Vpxfer.h">
      <Filter>Header Files</Filter>
    </ClInclude>
    <ClInclude Include="world.h">
      <Filter>Header Files</Filter>
    </ClInclude>
  </ItemGroup>
  <ItemGroup>
    <Image Include="RES\BITMAP1.BMP">
      <Filter>Resource Files</Filter>
    </Image>
    <Image Include="RES\CHAT_MSG.BMP">
      <Filter>Resource Files</Filter>
    </Image>
    <Image Include="RES\CLOSED.DIB">
      <Filter>Resource Files</Filter>
    </Image>
    <Image Include="RES\EMAIL_MS.BMP">
      <Filter>Resource Files</Filter>
    </Image>
    <Image Include="RES\EMAIL_RE.BMP">
      <Filter>Resource Files</Filter>
    </Image>
    <Image Include="res\main.ico">
      <Filter>Resource Files</Filter>
    </Image>
    <Image Include="RES\NO_SELEC.BMP">
      <Filter>Resource Files</Filter>
    </Image>
    <Image Include="RES\PLYR_SEL.BMP">
      <Filter>Resource Files</Filter>
    </Image>
    <Image Include="RES\TOOLBAR.BMP">
      <Filter>Resource Files</Filter>
    </Image>
    <Image Include="RES\VOC_MSG.BMP">
      <Filter>Resource Files</Filter>
    </Image>
  </ItemGroup>
  <ItemGroup>
    <CustomBuild Include="building.inl">
      <Filter>Header Files</Filter>
    </CustomBuild>
    <CustomBuild Include="creatmul.inl">
      <Filter>Header Files</Filter>
    </CustomBuild>
    <CustomBuild Include="minerals.inl">
      <Filter>Header Files</Filter>
    </CustomBuild>
    <CustomBuild Include="terrain.inl">
      <Filter>Header Files</Filter>
    </CustomBuild>
    <CustomBuild Include="ui.inl">
      <Filter>Header Files</Filter>
    </CustomBuild>
    <CustomBuild Include="unit.inl">
      <Filter>Header Files</Filter>
    </CustomBuild>
    <CustomBuild Include="vehicle.inl">
      <Filter>Header Files</Filter>
    </CustomBuild>
    <CustomBuild Include="res\cur00001.cur">
      <Filter>Resource Files</Filter>
    </CustomBuild>
    <CustomBuild Include="RES\CUR00002.CUR">
      <Filter>Resource Files</Filter>
    </CustomBuild>
    <CustomBuild Include="RES\CUR00003.CUR">
      <Filter>Resource Files</Filter>
    </CustomBuild>
    <CustomBuild Include="RES\CUR00004.CUR">
      <Filter>Resource Files</Filter>
    </CustomBuild>
    <CustomBuild Include="RES\CUR00005.CUR">
      <Filter>Resource Files</Filter>
    </CustomBuild>
    <CustomBuild Include="RES\CUR00006.CUR">
      <Filter>Resource Files</Filter>
    </CustomBuild>
    <CustomBuild Include="RES\CUR00007.CUR">
      <Filter>Resource Files</Filter>
    </CustomBuild>
    <CustomBuild Include="RES\CUR00008.CUR">
      <Filter>Resource Files</Filter>
    </CustomBuild>
    <CustomBuild Include="RES\CUR00010.CUR">
      <Filter>Resource Files</Filter>
    </CustomBuild>
    <CustomBuild Include="RES\CUR00011.CUR">
      <Filter>Resource Files</Filter>
    </CustomBuild>
    <CustomBuild Include="res\cur00012.cur">
      <Filter>Resource Files</Filter>
    </CustomBuild>
    <CustomBuild Include="res\cur00013.cur">
      <Filter>Resource Files</Filter>
    </CustomBuild>
    <CustomBuild Include="res\cur00014.cur">
      <Filter>Resource Files</Filter>
    </CustomBuild>
    <CustomBuild Include="res\cur00015.cur">
      <Filter>Resource Files</Filter>
    </CustomBuild>
    <CustomBuild Include="RES\CURSOR1.CUR">
      <Filter>Resource Files</Filter>
    </CustomBuild>
    <CustomBuild Include="RES\GOTO1.CUR">
      <Filter>Resource Files</Filter>
    </CustomBuild>
    <CustomBuild Include="RES\GOTO3.CUR">
      <Filter>Resource Files</Filter>
    </CustomBuild>
    <CustomBuild Include="res\load1.cur">
      <Filter>Resource Files</Filter>
    </CustomBuild>
    <CustomBuild Include="res\load2.cur">
      <Filter>Resource Files</Filter>
    </CustomBuild>
    <CustomBuild Include="res\load3.cur">
      <Filter>Resource Files</Filter>
    </CustomBuild>
    <CustomBuild Include="res\load4.cur">
      <Filter>Resource Files</Filter>
    </CustomBuild>
    <CustomBuild Include="res\move1.cur">
      <Filter>Resource Files</Filter>
    </CustomBuild>
    <CustomBuild Include="res\move2.cur">
      <Filter>Resource Files</Filter>
    </CustomBuild>
    <CustomBuild Include="res\move3.cur">
      <Filter>Resource Files</Filter>
    </CustomBuild>
    <CustomBuild Include="res\move4.cur">
      <Filter>Resource Files</Filter>
    </CustomBuild>
    <CustomBuild Include="res\move5.cur">
      <Filter>Resource Files</Filter>
    </CustomBuild>
    <CustomBuild Include="res\move6.cur">
      <Filter>Resource Files</Filter>
    </CustomBuild>
    <CustomBuild Include="res\move7.cur">
      <Filter>Resource Files</Filter>
    </CustomBuild>
    <CustomBuild Include="RES\REPAIR1.CUR">
      <Filter>Resource Files</Filter>
    </CustomBuild>
    <CustomBuild Include="res\road_beg.cur">
      <Filter>Resource Files</Filter>
    </CustomBuild>
    <CustomBuild Include="res\road_set.cur">
      <Filter>Resource Files</Filter>
    </CustomBuild>
    <CustomBuild Include="RES\SELECT1.CUR">
      <Filter>Resource Files</Filter>
    </CustomBuild>
    <CustomBuild Include="RES\SELECT2.CUR">
      <Filter>Resource Files</Filter>
    </CustomBuild>
    <CustomBuild Include="RES\SELECT3.CUR">
      <Filter>Resource Files</Filter>
    </CustomBuild>
    <CustomBuild Include="RES\TARGET1.CUR">
      <Filter>Resource Files</Filter>
    </CustomBuild>
    <CustomBuild Include="RES\TARGET2.CUR">
      <Filter>Resource Files</Filter>
    </CustomBuild>
    <CustomBuild Include="RES\TARGET3.CUR">
      <Filter>Resource Files</Filter>
    </CustomBuild>
    <CustomBuild Include="res\unload1.cur">
      <Filter>Resource Files</Filter>
    </CustomBuild>
    <CustomBuild Include="res\unload2.cur">
      <Filter>Resource Files</Filter>
    </CustomBuild>
    <CustomBuild Include="res\unload3.cur">
      <Filter>Resource Files</Filter>
    </CustomBuild>
  </ItemGroup>
</Project>